# THIS IS AN AUTOGENERATED FILE. DO NOT EDIT THIS FILE DIRECTLY.
# yarn lockfile v1


bezier-easing@^2.1.0:
  version "2.1.0"
  resolved "https://registry.yarnpkg.com/bezier-easing/-/bezier-easing-2.1.0.tgz#c04dfe8b926d6ecaca1813d69ff179b7c2025d86"
  integrity sha512-gbIqZ/eslnUFC1tjEvtz0sgx+xTK20wDnYMIA27VA04R7w6xxXQPZDbibjA9DTWZRA2CXtwHykkVzlCaAJAZig==

parallax-controller@^1.5.0:
  version "1.5.0"
  resolved "https://registry.yarnpkg.com/parallax-controller/-/parallax-controller-1.5.0.tgz#324859f336566f114b8c08212b8454b6ad17de0f"
  integrity sha512-X7FKD0bH27hJHdknH/UNEznmw6xjcWz/QA4M6RLlE/gUXfbePKhk+ld/20e58aAfjMqj+Q7RURryISFcDIVmtA==
  dependencies:
    bezier-easing "^2.1.0"

react-scroll-parallax@^3.2.0:
  version "3.2.0"
  resolved "https://registry.yarnpkg.com/react-scroll-parallax/-/react-scroll-parallax-3.2.0.tgz#fad93571a274af796de3db344e358d1db67088b7"
  integrity sha512-jZYFHbO+pE+IbNacHCpBKqw+WhGTA7t5WmXmQzC8i4DGdSYJ25d64R7ZD02K3CwMWdw5uKuc1LUZX/0OA/HCVA==
  dependencies:
    parallax-controller "^1.5.0"
